Microsoft Visual Studio Solution File, Format Version 11.00
# Visual Studio 2008

Project("{1033167A-5C87-CB9C-91B7-DBA98A5703EA}") = "AfricanNeedsWater", "Assembly-CSharp-firstpass.csproj", "{E432442D-AB93-C543-D932-1810E39510B6}"
EndProject
Project("{1033167A-5C87-CB9C-91B7-DBA98A5703EA}") = "AfricanNeedsWater", "Assembly-CSharp.csproj", "{F3DD2EE0-DC42-F233-769F-3F1E170035D1}"
EndProject
Project("{1033167A-5C87-CB9C-91B7-DBA98A5703EA}") = "AfricanNeedsWater", "Assembly-CSharp-Editor.csproj", "{42F1C54B-91C2-A926-CB55-3E22FC71DEEF}"
EndProject
Global
	GlobalSection(SolutionConfigurationPlatforms) = preSolution
		Debug|Any CPU = Debug|Any CPU
		Release|Any CPU = Release|Any CPU
	EndGlobalSection
	GlobalSection(ProjectConfigurationPlatforms) = postSolution
		{E432442D-AB93-C543-D932-1810E39510B6}.Debug|Any CPU.ActiveCfg = Debug|Any CPU
		{E432442D-AB93-C543-D932-1810E39510B6}.Debug|Any CPU.Build.0 = Debug|Any CPU
		{E432442D-AB93-C543-D932-1810E39510B6}.Release|Any CPU.ActiveCfg = Release|Any CPU
		{E432442D-AB93-C543-D932-1810E39510B6}.Release|Any CPU.Build.0 = Release|Any CPU
		{F3DD2EE0-DC42-F233-769F-3F1E170035D1}.Debug|Any CPU.ActiveCfg = Debug|Any CPU
		{F3DD2EE0-DC42-F233-769F-3F1E170035D1}.Debug|Any CPU.Build.0 = Debug|Any CPU
		{F3DD2EE0-DC42-F233-769F-3F1E170035D1}.Release|Any CPU.ActiveCfg = Release|Any CPU
		{F3DD2EE0-DC42-F233-769F-3F1E170035D1}.Release|Any CPU.Build.0 = Release|Any CPU
		{42F1C54B-91C2-A926-CB55-3E22FC71DEEF}.Debug|Any CPU.ActiveCfg = Debug|Any CPU
		{42F1C54B-91C2-A926-CB55-3E22FC71DEEF}.Debug|Any CPU.Build.0 = Debug|Any CPU
		{42F1C54B-91C2-A926-CB55-3E22FC71DEEF}.Release|Any CPU.ActiveCfg = Release|Any CPU
		{42F1C54B-91C2-A926-CB55-3E22FC71DEEF}.Release|Any CPU.Build.0 = Release|Any CPU
	EndGlobalSection
	GlobalSection(SolutionProperties) = preSolution
		HideSolutionNode = FALSE
	EndGlobalSection
	GlobalSection(MonoDevelopProperties) = preSolution
		StartupItem = Assembly-CSharp.csproj
	EndGlobalSection
EndGlobal
